# This file is autogenerated, do not edit; changes may be undone by the next 'dep ensure'.


[[projects]]
  branch = "master"
  name = "github.com/isaacd9/Go-Snake-Case"
  packages = ["."]
  revision = "8a2c7ab1e7b9eabb43f52dec77c9e31910e3ff17"

[[projects]]
  name = "github.com/rakyll/statik"
  packages = ["fs"]
  revision = "fd36b3595eb2ec8da4b8153b107f7ea08504899d"
  version = "v0.1.1"

[solve-meta]
  analyzer-name = "dep"
  analyzer-version = 1
  inputs-digest = "abd1424db3a7eec73c14f3638fbe89ce372698439e6229b246b03f70397c3af5"
  solver-name = "gps-cdcl"
  solver-version = 1
